
Microsoft Visual Studio Solution File, Format Version 12.00
# Visual Studio Version 16
VisualStudioVersion = 16.0.31501.217
MinimumVisualStudioVersion = 10.0.40219.1
Project("{FAE04EC0-301F-11D3-BF4B-00C04F79EFBC}") = "Razorpages", "Razorpages\Razorpages.csproj", "{78A1B16E-FD68-4945-86D6-114FB5A41C47}"
EndProject
Project("{FAE04EC0-301F-11D3-BF4B-00C04F79EFBC}") = "RazorPages.Models", "RazorPages.Models\RazorPages.Models.csproj", "{91C23328-43ED-4BE0-A926-D9D5CFEEA254}"
EndProject
Project("{FAE04EC0-301F-11D3-BF4B-00C04F79EFBC}") = "RazorPages.Services", "RazorPages.Services\RazorPages.Services.csproj", "{9108FA78-79B6-4448-9F64-731EBCDF0933}"
EndProject
Global
	GlobalSection(SolutionConfigurationPlatforms) = preSolution
		Debug|Any CPU = Debug|Any CPU
		Release|Any CPU = Release|Any CPU
	EndGlobalSection
	GlobalSection(ProjectConfigurationPlatforms) = postSolution
		{78A1B16E-FD68-4945-86D6-114FB5A41C47}.Debug|Any CPU.ActiveCfg = Debug|Any CPU
		{78A1B16E-FD68-4945-86D6-114FB5A41C47}.Debug|Any CPU.Build.0 = Debug|Any CPU
		{78A1B16E-FD68-4945-86D6-114FB5A41C47}.Release|Any CPU.ActiveCfg = Release|Any CPU
		{78A1B16E-FD68-4945-86D6-114FB5A41C47}.Release|Any CPU.Build.0 = Release|Any CPU
		{91C23328-43ED-4BE0-A926-D9D5CFEEA254}.Debug|Any CPU.ActiveCfg = Debug|Any CPU
		{91C23328-43ED-4BE0-A926-D9D5CFEEA254}.Debug|Any CPU.Build.0 = Debug|Any CPU
		{91C23328-43ED-4BE0-A926-D9D5CFEEA254}.Release|Any CPU.ActiveCfg = Release|Any CPU
		{91C23328-43ED-4BE0-A926-D9D5CFEEA254}.Release|Any CPU.Build.0 = Release|Any CPU
		{9108FA78-79B6-4448-9F64-731EBCDF0933}.Debug|Any CPU.ActiveCfg = Debug|Any CPU
		{9108FA78-79B6-4448-9F64-731EBCDF0933}.Debug|Any CPU.Build.0 = Debug|Any CPU
		{9108FA78-79B6-4448-9F64-731EBCDF0933}.Release|Any CPU.ActiveCfg = Release|Any CPU
		{9108FA78-79B6-4448-9F64-731EBCDF0933}.Release|Any CPU.Build.0 = Release|Any CPU
	EndGlobalSection
	GlobalSection(SolutionProperties) = preSolution
		HideSolutionNode = FALSE
	EndGlobalSection
	GlobalSection(ExtensibilityGlobals) = postSolution
		SolutionGuid = {15D034E3-E98C-4953-9310-CA36708C0494}
	EndGlobalSection
EndGlobal
